
Microsoft Visual Studio Solution File, Format Version 12.00
# Visual Studio Version 17
VisualStudioVersion = 17.3.32901.215
MinimumVisualStudioVersion = 10.0.40219.1
Project("{FAE04EC0-301F-11D3-BF4B-00C04F79EFBC}") = "hospitalManagement", "hospitalManagement\hospitalManagement.csproj", "{CB60C66C-4D81-429D-903D-B4C99C82ABE4}"
EndProject
Global
	GlobalSection(SolutionConfigurationPlatforms) = preSolution
		Debug|Any CPU = Debug|Any CPU
		Release|Any CPU = Release|Any CPU
	EndGlobalSection
	GlobalSection(ProjectConfigurationPlatforms) = postSolution
		{CB60C66C-4D81-429D-903D-B4C99C82ABE4}.Debug|Any CPU.ActiveCfg = Debug|Any CPU
		{CB60C66C-4D81-429D-903D-B4C99C82ABE4}.Debug|Any CPU.Build.0 = Debug|Any CPU
		{CB60C66C-4D81-429D-903D-B4C99C82ABE4}.Release|Any CPU.ActiveCfg = Release|Any CPU
		{CB60C66C-4D81-429D-903D-B4C99C82ABE4}.Release|Any CPU.Build.0 = Release|Any CPU
	EndGlobalSection
	GlobalSection(SolutionProperties) = preSolution
		HideSolutionNode = FALSE
	EndGlobalSection
	GlobalSection(ExtensibilityGlobals) = postSolution
		SolutionGuid = {15A5DA88-DD49-4DF1-9F23-BA8EA7D23703}
	EndGlobalSection
EndGlobal
